{
  "name": "options",
  "version": "1.0.0",
  "lockfileVersion": 1,
  "requires": true,
  "dependencies": {
    "simple-lambda-actions": {
      "version": "1.2.55",
      "resolved": "https://registry.npmjs.org/simple-lambda-actions/-/simple-lambda-actions-1.2.55.tgz",
      "integrity": "sha512-QmZlw/4wUmMf5zIz9IbvUU1T8WabkM6KWeL3dLb0cPZZn1gmI7pzZycNxGJLNxm5geCKQXQgf3vWT0K65s0mDQ=="
    }
  }
}
